{
  "requires": true,
  "lockfileVersion": 1,
  "dependencies": {
    "now": {
      "version": "12.1.14",
      "resolved": "https://registry.npmjs.org/now/-/now-12.1.14.tgz",
      "integrity": "sha512-DsEvELqGbxwKMHI3Xpf+CoAeIsvj0bKOCoOXmaf8F6cAAh9N20DhTFl1wFGylpjPgd3lj8SGfQuiSbpUV5CTjQ=="
    }
  }
}
